lockfile_version: '1'
generated_at: '2026-08-24T04:21:24.143156+00:00'
apm_version: 0.28.0
dependencies:
- repo_url: yukimemi/renri
  name: renri
  host: github.com
  resolved_commit: 8516699247412a0262303e9f17049d053878963d
  resolved_ref: main
  version: 0.1.17
  package_type: apm_package
  deployed_files:
  - .agents/skills/renri
  - .agents/skills/renri/SKILL.md
  - .claude/skills/renri
  - .claude/skills/renri/SKILL.md
  deployed_file_hashes:
    .agents/skills/renri/SKILL.md: sha256:b0ef8bb599b5dc116a39dc2d3712dd95c722974b91f109a26263052c8d1090d6
    .claude/skills/renri/SKILL.md: sha256:b0ef8bb599b5dc116a39dc2d3712dd95c722974b91f109a26263052c8d1090d6
  content_hash: sha256:779ec501a96486c4e8f227a387e99eab26480948ac0984f0a213cdd03a8f4f16
deployments:
- kind: project-relative
  target: claude
  value: .claude/skills/renri
  runtime: null
  scope: project
  owners:
  - yukimemi/renri
  active_owner: yukimemi/renri
  content_hash: null
- kind: project-relative
  target: claude
  value: .claude/skills/renri/SKILL.md
  runtime: null
  scope: project
  owners:
  - yukimemi/renri
  active_owner: yukimemi/renri
  content_hash: sha256:b0ef8bb599b5dc116a39dc2d3712dd95c722974b91f109a26263052c8d1090d6
- kind: project-relative
  target: copilot
  value: .agents/skills/renri
  runtime: null
  scope: project
  owners:
  - yukimemi/renri
  active_owner: yukimemi/renri
  content_hash: null
- kind: project-relative
  target: copilot
  value: .agents/skills/renri/SKILL.md
  runtime: null
  scope: project
  owners:
  - yukimemi/renri
  active_owner: yukimemi/renri
  content_hash: sha256:b0ef8bb599b5dc116a39dc2d3712dd95c722974b91f109a26263052c8d1090d6
