lockfile_version: '1'
generated_at: '2026-08-31T04:24:43.559100+00:00'
apm_version: 0.29.0
dependencies:
- repo_url: yukimemi/renri
  name: renri
  host: github.com
  resolved_commit: 9b554eb1224ecc0401ad077a7416693b9e8709d2
  resolved_ref: main
  version: 0.1.17
  package_type: apm_package
  deployed_files:
  - .agents/skills/renri
  - .agents/skills/renri/SKILL.md
  - .claude/skills/renri
  - .claude/skills/renri/SKILL.md
  deployed_file_hashes:
    .agents/skills/renri/SKILL.md: sha256:b0ef8bb599b5dc116a39dc2d3712dd95c722974b91f109a26263052c8d1090d6
    .claude/skills/renri/SKILL.md: sha256:b0ef8bb599b5dc116a39dc2d3712dd95c722974b91f109a26263052c8d1090d6
  content_hash: sha256:e6ba4596d4f56aaf86f6d3da1ece18777f2510ab31b5a1312a844df96e1f1581
deployments:
- kind: project-relative
  target: claude
  value: .claude/skills/renri
  runtime: null
  scope: project
  owners:
  - yukimemi/renri
  active_owner: yukimemi/renri
  content_hash: null
- kind: project-relative
  target: claude
  value: .claude/skills/renri/SKILL.md
  runtime: null
  scope: project
  owners:
  - yukimemi/renri
  active_owner: yukimemi/renri
  content_hash: sha256:b0ef8bb599b5dc116a39dc2d3712dd95c722974b91f109a26263052c8d1090d6
- kind: project-relative
  target: copilot
  value: .agents/skills/renri
  runtime: null
  scope: project
  owners:
  - yukimemi/renri
  active_owner: yukimemi/renri
  content_hash: null
- kind: project-relative
  target: copilot
  value: .agents/skills/renri/SKILL.md
  runtime: null
  scope: project
  owners:
  - yukimemi/renri
  active_owner: yukimemi/renri
  content_hash: sha256:b0ef8bb599b5dc116a39dc2d3712dd95c722974b91f109a26263052c8d1090d6
