lockfile_version: '1'
generated_at: '2026-09-21T04:24:56.044268+00:00'
apm_version: 0.31.0
dependencies:
- repo_url: yukimemi/renri
  name: renri
  host: github.com
  resolved_commit: 7d418b7d23e9910083c6c1b8e87798bb82b9df37
  resolved_ref: main
  version: 0.1.17
  package_type: apm_package
  deployed_files:
  - .agents/skills/renri
  - .agents/skills/renri/SKILL.md
  - .claude/skills/renri
  - .claude/skills/renri/SKILL.md
  deployed_file_hashes:
    .agents/skills/renri/SKILL.md: sha256:b0ef8bb599b5dc116a39dc2d3712dd95c722974b91f109a26263052c8d1090d6
    .claude/skills/renri/SKILL.md: sha256:b0ef8bb599b5dc116a39dc2d3712dd95c722974b91f109a26263052c8d1090d6
  content_hash: sha256:9d4eca1f31dc9a21b82eb5fd8b197561fb474dc62c4363854682184f34ccaef0
deployments:
- kind: project-relative
  target: claude
  value: .claude/skills/renri
  runtime: null
  scope: project
  owners:
  - yukimemi/renri
  active_owner: yukimemi/renri
  content_hash: null
- kind: project-relative
  target: claude
  value: .claude/skills/renri/SKILL.md
  runtime: null
  scope: project
  owners:
  - yukimemi/renri
  active_owner: yukimemi/renri
  content_hash: sha256:b0ef8bb599b5dc116a39dc2d3712dd95c722974b91f109a26263052c8d1090d6
- kind: project-relative
  target: copilot
  value: .agents/skills/renri
  runtime: null
  scope: project
  owners:
  - yukimemi/renri
  active_owner: yukimemi/renri
  content_hash: null
- kind: project-relative
  target: copilot
  value: .agents/skills/renri/SKILL.md
  runtime: null
  scope: project
  owners:
  - yukimemi/renri
  active_owner: yukimemi/renri
  content_hash: sha256:b0ef8bb599b5dc116a39dc2d3712dd95c722974b91f109a26263052c8d1090d6
