{
  "version": "2",
  "remote": {
    "https://deno.land/std@0.191.0/_util/asserts.ts": "178dfc49a464aee693a7e285567b3d0b555dc805ff490505a8aae34f9cfb1462",
    "https://deno.land/std@0.191.0/_util/os.ts": "d932f56d41e4f6a6093d56044e29ce637f8dcc43c5a90af43504a889cf1775e3",
    "https://deno.land/std@0.191.0/bytes/bytes_list.ts": "31d664f4d42fa922066405d0e421c56da89d751886ee77bbe25a88bf0310c9d0",
    "https://deno.land/std@0.191.0/bytes/concat.ts": "d26d6f3d7922e6d663dacfcd357563b7bf4a380ce5b9c2bbe0c8586662f25ce2",
    "https://deno.land/std@0.191.0/bytes/copy.ts": "939d89e302a9761dcf1d9c937c7711174ed74c59eef40a1e4569a05c9de88219",
    "https://deno.land/std@0.191.0/fmt/colors.ts": "d67e3cd9f472535241a8e410d33423980bec45047e343577554d3356e1f0ef4e",
    "https://deno.land/std@0.191.0/fs/exists.ts": "29c26bca8584a22876be7cb8844f1b6c8fc35e9af514576b78f5c6884d7ed02d",
    "https://deno.land/std@0.191.0/io/buf_reader.ts": "06fff3337091c49e99ebd2dd790c9a90364c087a2953ea081667400fd6c6cebb",
    "https://deno.land/std@0.191.0/io/buf_writer.ts": "48c33c8f00b61dcbc7958706741cec8e59810bd307bc6a326cbd474fe8346dfd",
    "https://deno.land/std@0.191.0/io/buffer.ts": "17f4410eaaa60a8a85733e8891349a619eadfbbe42e2f319283ce2b8f29723ab",
    "https://deno.land/std@0.191.0/io/copy_n.ts": "0cc7ce07c75130f6fc18621ec1911c36e147eb9570664fee0ea12b1988167590",
    "https://deno.land/std@0.191.0/io/limited_reader.ts": "6c9a216f8eef39c1ee2a6b37a29372c8fc63455b2eeb91f06d9646f8f759fc8b",
    "https://deno.land/std@0.191.0/io/mod.ts": "2665bcccc1fd6e8627cca167c3e92aaecbd9897556b6f69e6d258070ef63fd9b",
    "https://deno.land/std@0.191.0/io/multi_reader.ts": "9c2a0a31686c44b277e16da1d97b4686a986edcee48409b84be25eedbc39b271",
    "https://deno.land/std@0.191.0/io/read_delim.ts": "c02b93cc546ae8caad8682ae270863e7ace6daec24c1eddd6faabc95a9d876a3",
    "https://deno.land/std@0.191.0/io/read_int.ts": "7cb8bcdfaf1107586c3bacc583d11c64c060196cb070bb13ae8c2061404f911f",
    "https://deno.land/std@0.191.0/io/read_lines.ts": "c526c12a20a9386dc910d500f9cdea43cba974e853397790bd146817a7eef8cc",
    "https://deno.land/std@0.191.0/io/read_long.ts": "f0aaa420e3da1261c5d33c5e729f09922f3d9fa49f046258d4ff7a00d800c71e",
    "https://deno.land/std@0.191.0/io/read_range.ts": "28152daf32e43dd9f7d41d8466852b0d18ad766cd5c4334c91fef6e1b3a74eb5",
    "https://deno.land/std@0.191.0/io/read_short.ts": "805cb329574b850b84bf14a92c052c59b5977a492cd780c41df8ad40826c1a20",
    "https://deno.land/std@0.191.0/io/read_string_delim.ts": "5dc9f53bdf78e7d4ee1e56b9b60352238ab236a71c3e3b2a713c3d78472a53ce",
    "https://deno.land/std@0.191.0/io/slice_long_to_bytes.ts": "48d9bace92684e880e46aa4a2520fc3867f9d7ce212055f76ecc11b22f9644b7",
    "https://deno.land/std@0.191.0/io/string_reader.ts": "da0f68251b3d5b5112485dfd4d1b1936135c9b4d921182a7edaf47f74c25cc8f",
    "https://deno.land/std@0.191.0/io/string_writer.ts": "8a03c5858c24965a54c6538bed15f32a7c72f5704a12bda56f83a40e28e5433e",
    "https://deno.land/std@0.191.0/path/_constants.ts": "e49961f6f4f48039c0dfed3c3f93e963ca3d92791c9d478ac5b43183413136e0",
    "https://deno.land/std@0.191.0/path/_interface.ts": "6471159dfbbc357e03882c2266d21ef9afdb1e4aa771b0545e90db58a0ba314b",
    "https://deno.land/std@0.191.0/path/_util.ts": "d7abb1e0dea065f427b89156e28cdeb32b045870acdf865833ba808a73b576d0",
    "https://deno.land/std@0.191.0/path/common.ts": "ee7505ab01fd22de3963b64e46cff31f40de34f9f8de1fff6a1bd2fe79380000",
    "https://deno.land/std@0.191.0/path/glob.ts": "d479e0a695621c94d3fd7fe7abd4f9499caf32a8de13f25073451c6ef420a4e1",
    "https://deno.land/std@0.191.0/path/mod.ts": "f065032a7189404fdac3ad1a1551a9ac84751d2f25c431e101787846c86c79ef",
    "https://deno.land/std@0.191.0/path/posix.ts": "8b7c67ac338714b30c816079303d0285dd24af6b284f7ad63da5b27372a2c94d",
    "https://deno.land/std@0.191.0/path/separator.ts": "0fb679739d0d1d7bf45b68dacfb4ec7563597a902edbaf3c59b50d5bcadd93b1",
    "https://deno.land/std@0.191.0/path/win32.ts": "d186344e5583bcbf8b18af416d13d82b35a317116e6460a5a3953508c3de5bba",
    "https://deno.land/std@0.191.0/testing/_diff.ts": "1a3c044aedf77647d6cac86b798c6417603361b66b54c53331b312caeb447aea",
    "https://deno.land/std@0.191.0/testing/_format.ts": "a69126e8a469009adf4cf2a50af889aca364c349797e63174884a52ff75cf4c7",
    "https://deno.land/std@0.191.0/testing/asserts.ts": "e16d98b4d73ffc4ed498d717307a12500ae4f2cbe668f1a215632d19fcffc22f",
    "https://deno.land/std@0.191.0/types.d.ts": "dbaeb2c4d7c526db9828fc8df89d8aecf53b9ced72e0c4568f97ddd8cda616a4",
    "https://esm.sh/simple-git@3.19.0": "af1553705d2f276a76a0c2a58946e6186ed399c5999140af6f8492e4e8ee952f",
    "https://esm.sh/v125/@kwsites/file-exists@1.1.1/denonext/file-exists.mjs": "8f6a043698cf6d13f2c94e6b4e29c6d961eeca87f37d37adfc4fe1073c4d0796",
    "https://esm.sh/v125/@kwsites/promise-deferred@1.1.1/denonext/promise-deferred.mjs": "e6a0e3fd54ec73df7654375c8b509c4bac067244ec383bf6ca3ec558b81456c1",
    "https://esm.sh/v125/@types/node@18.16.9/buffer.d.ts": "2d0dfa2b8af69b8d12a39d8354fcb4f99cefb7432108ceb7479d2b1d37dff971",
    "https://esm.sh/v125/@types/node@18.16.9/child_process.d.ts": "b5ea4bfe215b6aa40802491c783a78230798d84d19121678acbfdfb327302ae4",
    "https://esm.sh/v125/@types/node@18.16.9/crypto.d.ts": "a22f4a782a254564011945db2c9e4acdabded2cd8de13b236e31c520d7dcc88f",
    "https://esm.sh/v125/@types/node@18.16.9/dns.d.ts": "74c2cfa6fb8d0c9f546f1f31110f9e3d55d519f3bf6f643d3283c014cc228b6b",
    "https://esm.sh/v125/@types/node@18.16.9/dns/promises.d.ts": "a931f94c6510c4208ae865e62f0005781da31337966d97172e24c06c0a0507ba",
    "https://esm.sh/v125/@types/node@18.16.9/events.d.ts": "ccae3ee8fd7ba2f7df8509f703437670d4b77a985ba2bfeb386dd56b80f9c01f",
    "https://esm.sh/v125/@types/node@18.16.9/fs.d.ts": "79b2150fe486ee4bd764de5325d7ff941ddc1616bb869b2220aacec8977a3bdc",
    "https://esm.sh/v125/@types/node@18.16.9/fs/promises.d.ts": "9e5a2a84896a4f51da3e167b3f2260ac6c2c3fe37e3caa0caaf7851bdb2c00fd",
    "https://esm.sh/v125/@types/node@18.16.9/http.d.ts": "dcc1eb26482e93ad9a86d986ef42a2cc2996e489abdcfa1d1acd2d134e6234f5",
    "https://esm.sh/v125/@types/node@18.16.9/net.d.ts": "2b86a13902ff133f6d79bc29f94796c8187c8c576657c8cbe8c0625e24c2d72d",
    "https://esm.sh/v125/@types/node@18.16.9/querystring.d.ts": "eb8115aaf5edebff332e96e87a6a23ba0160622ee6ddb6c12ab01f7b16f19abd",
    "https://esm.sh/v125/@types/node@18.16.9/readline.d.ts": "8da5b4a0c361e7a2ea0066d513cd6a26013c9c312449d1fbaa87c5a679da24a4",
    "https://esm.sh/v125/@types/node@18.16.9/readline/promises.d.ts": "4ba813cfb121eb4c013dd1e3ebf381547f4f4fe8ff3e609fa4d0ca2dd17cd58d",
    "https://esm.sh/v125/@types/node@18.16.9/stream.d.ts": "b267e73a177a26da92e6a4c3680f33c9d14981930719d0ffceb18bc9b59c88f0",
    "https://esm.sh/v125/@types/node@18.16.9/stream/consumers.d.ts": "35e883dca629f36f06e3d7d4e880468a4dd8c855ba9f6b7eb7b54fa2228af08e",
    "https://esm.sh/v125/@types/node@18.16.9/stream/promises.d.ts": "55b5c4f897e599f14715b6265157431266a8a1a51017ff072b8568f013f1eb43",
    "https://esm.sh/v125/@types/node@18.16.9/stream/web.d.ts": "87f6caa1ae9aeb4477a9e0e4f71683ad2e682c209fcd9824d576da3c1ed26fb2",
    "https://esm.sh/v125/@types/node@18.16.9/tls.d.ts": "d9aa7b4d0c3ffe842a6b0758d8e97009a21eac927cfc6ccd578b5c934f130663",
    "https://esm.sh/v125/@types/node@18.16.9/url.d.ts": "7890ca81bdfc7e167782ce13c64cf17fec3fb62ffb931bd7fcb44bf78b8cecd4",
    "https://esm.sh/v125/debug@4.3.4/denonext/debug.mjs": "e2c993678815e02eb834c52723ec0a5b069dcfdeae969cefb4099d758c6fa514",
    "https://esm.sh/v125/ms@2.1.2/denonext/ms.mjs": "aa4dc45ba72554c5011168f8910cc646c37af53cfff1a15a4decced838b8eb14",
    "https://esm.sh/v125/node.ns.d.ts": "0fb081f0cd2150931bd54baa04f31466abd9ca701fd9060d07931402cf8367ba",
    "https://esm.sh/v125/simple-git@3.19.0/denonext/simple-git.mjs": "4091c19700654597fa76b1519e43161142536ecccfdd30b30d6bd1d404f059af",
    "https://esm.sh/v125/simple-git@3.19.0/dist/src/lib/args/pathspec.d.ts": "5e95379e81e2d373e5235cedc4579938e39db274a32cfa32f8906e7ff6698763",
    "https://esm.sh/v125/simple-git@3.19.0/dist/src/lib/errors/git-construct-error.d.ts": "e34a5864fe407137627ff31365b61431ae7902e8824486dab2ee405f5594ca96",
    "https://esm.sh/v125/simple-git@3.19.0/dist/src/lib/errors/git-error.d.ts": "57f019e5155b0f5e986eb96088ecc3e3c3e80752c14b0b2a2060cf8dc1b40667",
    "https://esm.sh/v125/simple-git@3.19.0/dist/src/lib/errors/git-plugin-error.d.ts": "1e5518ce16ce8771a36970c929363d00f341a02c9bdaa145225c8b51521575fe",
    "https://esm.sh/v125/simple-git@3.19.0/dist/src/lib/errors/git-response-error.d.ts": "4a553a33343536deaf56b1fdcff8cba16d1687d7b76364f4fd326784e218face",
    "https://esm.sh/v125/simple-git@3.19.0/dist/src/lib/errors/task-configuration-error.d.ts": "e4fcde84b78152feea8e78b19e12aaf9e6382f8e3341a8c8f38a5e99e7875229",
    "https://esm.sh/v125/simple-git@3.19.0/dist/src/lib/responses/GetRemoteSummary.d.ts": "7c774169686976056434799723bd7a48348df9d2204b928a0b77920505585214",
    "https://esm.sh/v125/simple-git@3.19.0/dist/src/lib/tasks/apply-patch.d.ts": "d3eccd88fdf779fa9576e12d57224bb1cc6d8bf5b6a7ac37787817037c17963d",
    "https://esm.sh/v125/simple-git@3.19.0/dist/src/lib/tasks/check-is-repo.d.ts": "db46f50647c3e01c03a2040d0617817ff0d62cf1fd7a0d9628d514e525bf682f",
    "https://esm.sh/v125/simple-git@3.19.0/dist/src/lib/tasks/clean.d.ts": "958b9df846dc9aaef0e5ca3d783b51f88082999fdd7eba4c1883d4ff64b5f955",
    "https://esm.sh/v125/simple-git@3.19.0/dist/src/lib/tasks/clone.d.ts": "8f86e36398a0a17740af226b4790c24c66a9d1fcbcc4068a231135604a162af9",
    "https://esm.sh/v125/simple-git@3.19.0/dist/src/lib/tasks/config.d.ts": "36cdbc8026451645bc725e44fa1fd30ceceb87180a00f62fbc98f16e278759b2",
    "https://esm.sh/v125/simple-git@3.19.0/dist/src/lib/tasks/grep.d.ts": "5a1fa4a31b9b367aa6bf77144c24f9e47e5557fc3df68e43b367d411f3a549cd",
    "https://esm.sh/v125/simple-git@3.19.0/dist/src/lib/tasks/log.d.ts": "2e73867cc2a5ffd42bbb569d5bd67bb098512f7d7f90faa5135586064aeecefd",
    "https://esm.sh/v125/simple-git@3.19.0/dist/src/lib/tasks/reset.d.ts": "6067f4d0209798ae27092a03a5a549f531ee7e5984cadbe92218fb0ca66c243c",
    "https://esm.sh/v125/simple-git@3.19.0/dist/src/lib/tasks/task.d.ts": "cabe7b49d93372085ffef8991500fbec62372cab296433ae2d046a2338fe8573",
    "https://esm.sh/v125/simple-git@3.19.0/dist/src/lib/tasks/version.d.ts": "b75ab4c90c74a54a57f7bb79eb980de21d2ad99dac0ff64c175c98a54d5ba545",
    "https://esm.sh/v125/simple-git@3.19.0/dist/src/lib/types/handlers.d.ts": "f8d67e8bae19c876b2302166984fbe8fb788b7965d116d541482797e899111a3",
    "https://esm.sh/v125/simple-git@3.19.0/dist/src/lib/types/index.d.ts": "322e61c91773fc09f75bdd48c6925fe4ff9c48d4ececa804b5a9ea081d902e2d",
    "https://esm.sh/v125/simple-git@3.19.0/dist/src/lib/types/tasks.d.ts": "1b1082968ad8301559619985929385e87b998f121865d0131438e8dda0253292",
    "https://esm.sh/v125/simple-git@3.19.0/dist/typings/errors.d.ts": "8ed1ec541854b48de62b870550d709843b44fa7da734dd6cc6d09d935efe9376",
    "https://esm.sh/v125/simple-git@3.19.0/dist/typings/index.d.ts": "c7d54e31aaccb36f76e64754e5e09d63f08bf45d82a2129537faad3f51af9f18",
    "https://esm.sh/v125/simple-git@3.19.0/dist/typings/response.d.ts": "c0ca607959b601058b4793c6825f42fb676c090ccbdd0d59adb6094d6c3d284a",
    "https://esm.sh/v125/simple-git@3.19.0/dist/typings/simple-git.d.ts": "aefe603af5d97696b4c54f9e1ac37d9db03ca6d1a6cd4dbc0996aba1119d3d08",
    "https://esm.sh/v125/simple-git@3.19.0/dist/typings/types.d.ts": "1f87a845113dce86c7c66eb9c6281ea14879e90b11f9d2dfd5a32659cc4fe43d"
  },
  "npm": {
    "specifiers": {
      "@types/node": "@types/node@18.11.18"
    },
    "packages": {
      "@types/node@18.11.18": {
        "integrity": "sha512-DHQpWGjyQKSHj3ebjFI/wRKcqQcdR+MoFBygntYOZytCqNfkd2ZC4ARDJ2DQqhjH5p85Nnd3jhUJIXrszFX/JA==",
        "dependencies": {}
      }
    }
  }
}
