{
  "version": "2",
  "remote": {
    "https://deno.land/std@0.134.0/_util/assert.ts": "e94f2eb37cebd7f199952e242c77654e43333c1ac4c5c700e929ea3aa5489f74",
    "https://deno.land/std@0.134.0/_util/os.ts": "49b92edea1e82ba295ec946de8ffd956ed123e2948d9bd1d3e901b04e4307617",
    "https://deno.land/std@0.134.0/path/_constants.ts": "df1db3ffa6dd6d1252cc9617e5d72165cd2483df90e93833e13580687b6083c3",
    "https://deno.land/std@0.134.0/path/_interface.ts": "ee3b431a336b80cf445441109d089b70d87d5e248f4f90ff906820889ecf8d09",
    "https://deno.land/std@0.134.0/path/_util.ts": "c1e9686d0164e29f7d880b2158971d805b6e0efc3110d0b3e24e4b8af2190d2b",
    "https://deno.land/std@0.134.0/path/common.ts": "bee563630abd2d97f99d83c96c2fa0cca7cee103e8cb4e7699ec4d5db7bd2633",
    "https://deno.land/std@0.134.0/path/glob.ts": "cb5255638de1048973c3e69e420c77dc04f75755524cb3b2e160fe9277d939ee",
    "https://deno.land/std@0.134.0/path/mod.ts": "4275129bb766f0e475ecc5246aa35689eeade419d72a48355203f31802640be7",
    "https://deno.land/std@0.134.0/path/posix.ts": "663e4a6fe30a145f56aa41a22d95114c4c5582d8b57d2d7c9ed27ad2c47636bb",
    "https://deno.land/std@0.134.0/path/separator.ts": "fe1816cb765a8068afb3e8f13ad272351c85cbc739af56dacfc7d93d710fe0f9",
    "https://deno.land/std@0.134.0/path/win32.ts": "e7bdf63e8d9982b4d8a01ef5689425c93310ece950e517476e22af10f41a136e",
    "https://deno.land/std@0.176.0/_util/asserts.ts": "178dfc49a464aee693a7e285567b3d0b555dc805ff490505a8aae34f9cfb1462",
    "https://deno.land/std@0.176.0/_util/os.ts": "d932f56d41e4f6a6093d56044e29ce637f8dcc43c5a90af43504a889cf1775e3",
    "https://deno.land/std@0.176.0/bytes/copy.ts": "939d89e302a9761dcf1d9c937c7711174ed74c59eef40a1e4569a05c9de88219",
    "https://deno.land/std@0.176.0/encoding/_yaml/dumper/dumper.ts": "49053c293a2250b33f2efc0ce3973280c6dc3bc0b41397af3863b5f03340e01b",
    "https://deno.land/std@0.176.0/encoding/_yaml/dumper/dumper_state.ts": "975a3702752a29251c5746206507dfebbfede60dd2c0dec161dc22633fbc6085",
    "https://deno.land/std@0.176.0/encoding/_yaml/error.ts": "e60ab51d7c0253cf0d1cf7d445202e8e3da5c77aae0032071ba7400121c281b4",
    "https://deno.land/std@0.176.0/encoding/_yaml/loader/loader.ts": "6c59f60faaf78d73db0e016293f4bfed19e6356d7064230d07d6b68a65a1df5d",
    "https://deno.land/std@0.176.0/encoding/_yaml/loader/loader_state.ts": "fcc82fcdf167acb0e9e5e32b32682e58b45f2d44210bf685794797ccb5621232",
    "https://deno.land/std@0.176.0/encoding/_yaml/mark.ts": "0027d6f62a70a6c64b85bd1751ddf1646ea97edcefbf5bea1706d5e519f4e34f",
    "https://deno.land/std@0.176.0/encoding/_yaml/parse.ts": "63e79582e07145ca1d3205d1ac72b82bf5ce14159dabae195abe7e36de8111bd",
    "https://deno.land/std@0.176.0/encoding/_yaml/schema.ts": "0833c75c59bf72c8a8f96f6c0615bcd98d23fdd9b076657f42b5c1a4f9d972b0",
    "https://deno.land/std@0.176.0/encoding/_yaml/schema/core.ts": "366f56673336ba24f5723c04319efcc7471be5f55d5f8d95c9b4a38ec233d4c6",
    "https://deno.land/std@0.176.0/encoding/_yaml/schema/default.ts": "96e9ed6ead36f53a0832c542fc9b8cca7f8b4a67c1c8424e1423a39ee7154db7",
    "https://deno.land/std@0.176.0/encoding/_yaml/schema/extended.ts": "f9bd75c79ebdfb92a8e167488b6bde7113a31b8fabe20ad7eed0904fba11bcd2",
    "https://deno.land/std@0.176.0/encoding/_yaml/schema/failsafe.ts": "cddcbf0258bbe0cd77ca10e2f5aec13439f50d4068f96aab08ca2d64496dabe8",
    "https://deno.land/std@0.176.0/encoding/_yaml/schema/json.ts": "c86905dfb1b6c4633750bfbb5bd529a30be5c08287ab7eb6694390b40e276487",
    "https://deno.land/std@0.176.0/encoding/_yaml/schema/mod.ts": "051f93dd97a15aaad2da62bd24627e8fd2f02fb026d21567d924b720d606f078",
    "https://deno.land/std@0.176.0/encoding/_yaml/state.ts": "ef03d55ec235d48dcfbecc0ab3ade90bfae69a61094846e08003421c2cf5cfc6",
    "https://deno.land/std@0.176.0/encoding/_yaml/stringify.ts": "426b73e4dbaeed26ed855add3862786d7e374bd4c59e5e1bd9a6fcd5082be3c7",
    "https://deno.land/std@0.176.0/encoding/_yaml/type.ts": "5ded5472a0f17a219ac3b0e90d96dc8472a68654a40258a31e03a6c6297b6788",
    "https://deno.land/std@0.176.0/encoding/_yaml/type/binary.ts": "935d39794420ac3718d26716192239de6a53566c6f2ba5010e8ed26936b94a89",
    "https://deno.land/std@0.176.0/encoding/_yaml/type/bool.ts": "1c99cfbaa94b022575b636a73e1549569b26fc6bbff2cd5e539aa77b49bdf303",
    "https://deno.land/std@0.176.0/encoding/_yaml/type/float.ts": "f60ad19b27050add694bfc255b7efef27103f047861aa657823ff3f6853bad11",
    "https://deno.land/std@0.176.0/encoding/_yaml/type/function.ts": "65a37f6bef43ef141854ee48a1058d9c9c4c80ed6eed6cd35608329a6957e27a",
    "https://deno.land/std@0.176.0/encoding/_yaml/type/int.ts": "892f59bb7b2dbd64dd9b643c17441af95c0b962ad027e454cb84a68864787b86",
    "https://deno.land/std@0.176.0/encoding/_yaml/type/map.ts": "92e647a6aec0dc184ea4b039a77a15883b54da754311189c595b43f6aaa50030",
    "https://deno.land/std@0.176.0/encoding/_yaml/type/merge.ts": "8192bf3e4d637f32567917f48bb276043da9cf729cf594e5ec191f7cd229337e",
    "https://deno.land/std@0.176.0/encoding/_yaml/type/mod.ts": "060e2b3d38725094b77ea3a3f05fc7e671fced8e67ca18e525be98c4aa8f4bbb",
    "https://deno.land/std@0.176.0/encoding/_yaml/type/nil.ts": "606e8f0c44d73117c81abec822f89ef81e40f712258c74f186baa1af659b8887",
    "https://deno.land/std@0.176.0/encoding/_yaml/type/omap.ts": "fbd5da9970c211335ff7c8fa11e9c5e9256e568d52418ac237d1538c5cb0d5e6",
    "https://deno.land/std@0.176.0/encoding/_yaml/type/pairs.ts": "ea487a44c0ae64d8d952779fa1cb5fa0a12f32a0b5d3d1e8c1f06f446448427c",
    "https://deno.land/std@0.176.0/encoding/_yaml/type/regexp.ts": "672000d22a1062d61577d30b218c28f5cb1d039a7a60079fdde6a4e558d5ca51",
    "https://deno.land/std@0.176.0/encoding/_yaml/type/seq.ts": "39b28f7c7aa41263c5c42cab9d184f03555e9ba19493766afc0c0c325a9ac49f",
    "https://deno.land/std@0.176.0/encoding/_yaml/type/set.ts": "0e30a9f750306b514c8ae9869d1ac2548d57beab55b33e85ea9673ca0a08264c",
    "https://deno.land/std@0.176.0/encoding/_yaml/type/str.ts": "a67a3c6e429d95041399e964015511779b1130ea5889fa257c48457bd3446e31",
    "https://deno.land/std@0.176.0/encoding/_yaml/type/timestamp.ts": "706ea80a76a73e48efaeb400ace087da1f927647b53ad6f754f4e06d51af087f",
    "https://deno.land/std@0.176.0/encoding/_yaml/type/undefined.ts": "94a316ca450597ccbc6750cbd79097ad0d5f3a019797eed3c841a040c29540ba",
    "https://deno.land/std@0.176.0/encoding/_yaml/utils.ts": "26b311f0d42a7ce025060bd6320a68b50e52fd24a839581eb31734cd48e20393",
    "https://deno.land/std@0.176.0/encoding/yaml.ts": "02571d1bbbcfd7c5647789cee872ecf9c1c470e1b1a40948ed219fb661e19d87",
    "https://deno.land/std@0.176.0/fmt/printf.ts": "e5b426cd6ad13df5d408e9c375c025d59de30e380c5534715bd892df874ab057",
    "https://deno.land/std@0.176.0/fs/exists.ts": "b8c8a457b71e9d7f29b9d2f87aad8dba2739cbe637e8926d6ba6e92567875f8e",
    "https://deno.land/std@0.176.0/io/buffer.ts": "e2b7564f684dad625cab08f5106f33572d325705d19a36822b3272fbdfb8f726",
    "https://deno.land/std@0.176.0/path/_constants.ts": "e49961f6f4f48039c0dfed3c3f93e963ca3d92791c9d478ac5b43183413136e0",
    "https://deno.land/std@0.176.0/path/_interface.ts": "6471159dfbbc357e03882c2266d21ef9afdb1e4aa771b0545e90db58a0ba314b",
    "https://deno.land/std@0.176.0/path/_util.ts": "d7abb1e0dea065f427b89156e28cdeb32b045870acdf865833ba808a73b576d0",
    "https://deno.land/std@0.176.0/path/common.ts": "ee7505ab01fd22de3963b64e46cff31f40de34f9f8de1fff6a1bd2fe79380000",
    "https://deno.land/std@0.176.0/path/glob.ts": "d479e0a695621c94d3fd7fe7abd4f9499caf32a8de13f25073451c6ef420a4e1",
    "https://deno.land/std@0.176.0/path/mod.ts": "4b83694ac500d7d31b0cdafc927080a53dc0c3027eb2895790fb155082b0d232",
    "https://deno.land/std@0.176.0/path/posix.ts": "8b7c67ac338714b30c816079303d0285dd24af6b284f7ad63da5b27372a2c94d",
    "https://deno.land/std@0.176.0/path/separator.ts": "0fb679739d0d1d7bf45b68dacfb4ec7563597a902edbaf3c59b50d5bcadd93b1",
    "https://deno.land/std@0.176.0/path/win32.ts": "d186344e5583bcbf8b18af416d13d82b35a317116e6460a5a3953508c3de5bba",
    "https://deno.land/std@0.176.0/streams/_common.ts": "f45cba84f0d813de3326466095539602364a9ba521f804cc758f7a475cda692d",
    "https://deno.land/std@0.176.0/streams/iterate_reader.ts": "06491ed8f1bb1c619abbfa04c10b173ff95a93e51fe5037b7c1ad0b5cc01fc7d",
    "https://deno.land/std@0.176.0/types.d.ts": "220ed56662a0bd393ba5d124aa6ae2ad36a00d2fcbc0e8666a65f4606aaa9784",
    "https://deno.land/std@0.178.0/_util/asserts.ts": "178dfc49a464aee693a7e285567b3d0b555dc805ff490505a8aae34f9cfb1462",
    "https://deno.land/std@0.178.0/_util/os.ts": "d932f56d41e4f6a6093d56044e29ce637f8dcc43c5a90af43504a889cf1775e3",
    "https://deno.land/std@0.178.0/bytes/concat.ts": "d26d6f3d7922e6d663dacfcd357563b7bf4a380ce5b9c2bbe0c8586662f25ce2",
    "https://deno.land/std@0.178.0/path/_constants.ts": "e49961f6f4f48039c0dfed3c3f93e963ca3d92791c9d478ac5b43183413136e0",
    "https://deno.land/std@0.178.0/path/_interface.ts": "6471159dfbbc357e03882c2266d21ef9afdb1e4aa771b0545e90db58a0ba314b",
    "https://deno.land/std@0.178.0/path/_util.ts": "d7abb1e0dea065f427b89156e28cdeb32b045870acdf865833ba808a73b576d0",
    "https://deno.land/std@0.178.0/path/common.ts": "ee7505ab01fd22de3963b64e46cff31f40de34f9f8de1fff6a1bd2fe79380000",
    "https://deno.land/std@0.178.0/path/glob.ts": "d479e0a695621c94d3fd7fe7abd4f9499caf32a8de13f25073451c6ef420a4e1",
    "https://deno.land/std@0.178.0/path/mod.ts": "4b83694ac500d7d31b0cdafc927080a53dc0c3027eb2895790fb155082b0d232",
    "https://deno.land/std@0.178.0/path/posix.ts": "8b7c67ac338714b30c816079303d0285dd24af6b284f7ad63da5b27372a2c94d",
    "https://deno.land/std@0.178.0/path/separator.ts": "0fb679739d0d1d7bf45b68dacfb4ec7563597a902edbaf3c59b50d5bcadd93b1",
    "https://deno.land/std@0.178.0/path/win32.ts": "d186344e5583bcbf8b18af416d13d82b35a317116e6460a5a3953508c3de5bba",
    "https://deno.land/std@0.178.0/uuid/_common.ts": "cb1441f4df460571fc0919e1c5c217f3e7006189b703caf946604b3f791ae34d",
    "https://deno.land/std@0.178.0/uuid/mod.ts": "cd4da71beaa7ebfaa575ecb42e24e792559b65d8927e612c13b6ac5d1306f8bb",
    "https://deno.land/std@0.178.0/uuid/v1.ts": "fe36009afce7ced96e1b5928565e12c5a8eb0df1a2b5063c0a72bda6b75c0de5",
    "https://deno.land/std@0.178.0/uuid/v4.ts": "0f081880c156fd59b9e44e2f84ea0f94a3627e89c224eaf6cc982b53d849f37e",
    "https://deno.land/std@0.178.0/uuid/v5.ts": "10558a9c09a06b86fef9e61205180b9585ec4fe3fed7d696e675b8e118f74e8e",
    "https://deno.land/std@0.191.0/_util/asserts.ts": "178dfc49a464aee693a7e285567b3d0b555dc805ff490505a8aae34f9cfb1462",
    "https://deno.land/std@0.191.0/_util/os.ts": "d932f56d41e4f6a6093d56044e29ce637f8dcc43c5a90af43504a889cf1775e3",
    "https://deno.land/std@0.191.0/bytes/bytes_list.ts": "31d664f4d42fa922066405d0e421c56da89d751886ee77bbe25a88bf0310c9d0",
    "https://deno.land/std@0.191.0/bytes/concat.ts": "d26d6f3d7922e6d663dacfcd357563b7bf4a380ce5b9c2bbe0c8586662f25ce2",
    "https://deno.land/std@0.191.0/bytes/copy.ts": "939d89e302a9761dcf1d9c937c7711174ed74c59eef40a1e4569a05c9de88219",
    "https://deno.land/std@0.191.0/fmt/colors.ts": "d67e3cd9f472535241a8e410d33423980bec45047e343577554d3356e1f0ef4e",
    "https://deno.land/std@0.191.0/fs/exists.ts": "29c26bca8584a22876be7cb8844f1b6c8fc35e9af514576b78f5c6884d7ed02d",
    "https://deno.land/std@0.191.0/io/buf_reader.ts": "06fff3337091c49e99ebd2dd790c9a90364c087a2953ea081667400fd6c6cebb",
    "https://deno.land/std@0.191.0/io/buf_writer.ts": "48c33c8f00b61dcbc7958706741cec8e59810bd307bc6a326cbd474fe8346dfd",
    "https://deno.land/std@0.191.0/io/buffer.ts": "17f4410eaaa60a8a85733e8891349a619eadfbbe42e2f319283ce2b8f29723ab",
    "https://deno.land/std@0.191.0/io/copy_n.ts": "0cc7ce07c75130f6fc18621ec1911c36e147eb9570664fee0ea12b1988167590",
    "https://deno.land/std@0.191.0/io/limited_reader.ts": "6c9a216f8eef39c1ee2a6b37a29372c8fc63455b2eeb91f06d9646f8f759fc8b",
    "https://deno.land/std@0.191.0/io/mod.ts": "2665bcccc1fd6e8627cca167c3e92aaecbd9897556b6f69e6d258070ef63fd9b",
    "https://deno.land/std@0.191.0/io/multi_reader.ts": "9c2a0a31686c44b277e16da1d97b4686a986edcee48409b84be25eedbc39b271",
    "https://deno.land/std@0.191.0/io/read_delim.ts": "c02b93cc546ae8caad8682ae270863e7ace6daec24c1eddd6faabc95a9d876a3",
    "https://deno.land/std@0.191.0/io/read_int.ts": "7cb8bcdfaf1107586c3bacc583d11c64c060196cb070bb13ae8c2061404f911f",
    "https://deno.land/std@0.191.0/io/read_lines.ts": "c526c12a20a9386dc910d500f9cdea43cba974e853397790bd146817a7eef8cc",
    "https://deno.land/std@0.191.0/io/read_long.ts": "f0aaa420e3da1261c5d33c5e729f09922f3d9fa49f046258d4ff7a00d800c71e",
    "https://deno.land/std@0.191.0/io/read_range.ts": "28152daf32e43dd9f7d41d8466852b0d18ad766cd5c4334c91fef6e1b3a74eb5",
    "https://deno.land/std@0.191.0/io/read_short.ts": "805cb329574b850b84bf14a92c052c59b5977a492cd780c41df8ad40826c1a20",
    "https://deno.land/std@0.191.0/io/read_string_delim.ts": "5dc9f53bdf78e7d4ee1e56b9b60352238ab236a71c3e3b2a713c3d78472a53ce",
    "https://deno.land/std@0.191.0/io/slice_long_to_bytes.ts": "48d9bace92684e880e46aa4a2520fc3867f9d7ce212055f76ecc11b22f9644b7",
    "https://deno.land/std@0.191.0/io/string_reader.ts": "da0f68251b3d5b5112485dfd4d1b1936135c9b4d921182a7edaf47f74c25cc8f",
    "https://deno.land/std@0.191.0/io/string_writer.ts": "8a03c5858c24965a54c6538bed15f32a7c72f5704a12bda56f83a40e28e5433e",
    "https://deno.land/std@0.191.0/path/_constants.ts": "e49961f6f4f48039c0dfed3c3f93e963ca3d92791c9d478ac5b43183413136e0",
    "https://deno.land/std@0.191.0/path/_interface.ts": "6471159dfbbc357e03882c2266d21ef9afdb1e4aa771b0545e90db58a0ba314b",
    "https://deno.land/std@0.191.0/path/_util.ts": "d7abb1e0dea065f427b89156e28cdeb32b045870acdf865833ba808a73b576d0",
    "https://deno.land/std@0.191.0/path/common.ts": "ee7505ab01fd22de3963b64e46cff31f40de34f9f8de1fff6a1bd2fe79380000",
    "https://deno.land/std@0.191.0/path/glob.ts": "d479e0a695621c94d3fd7fe7abd4f9499caf32a8de13f25073451c6ef420a4e1",
    "https://deno.land/std@0.191.0/path/mod.ts": "f065032a7189404fdac3ad1a1551a9ac84751d2f25c431e101787846c86c79ef",
    "https://deno.land/std@0.191.0/path/posix.ts": "8b7c67ac338714b30c816079303d0285dd24af6b284f7ad63da5b27372a2c94d",
    "https://deno.land/std@0.191.0/path/separator.ts": "0fb679739d0d1d7bf45b68dacfb4ec7563597a902edbaf3c59b50d5bcadd93b1",
    "https://deno.land/std@0.191.0/path/win32.ts": "d186344e5583bcbf8b18af416d13d82b35a317116e6460a5a3953508c3de5bba",
    "https://deno.land/std@0.191.0/testing/_diff.ts": "1a3c044aedf77647d6cac86b798c6417603361b66b54c53331b312caeb447aea",
    "https://deno.land/std@0.191.0/testing/_format.ts": "a69126e8a469009adf4cf2a50af889aca364c349797e63174884a52ff75cf4c7",
    "https://deno.land/std@0.191.0/testing/asserts.ts": "e16d98b4d73ffc4ed498d717307a12500ae4f2cbe668f1a215632d19fcffc22f",
    "https://deno.land/std@0.191.0/types.d.ts": "dbaeb2c4d7c526db9828fc8df89d8aecf53b9ced72e0c4568f97ddd8cda616a4",
    "https://deno.land/x/exec@0.0.5/mod.ts": "2a71f7e23e25be883275b22d872bbd2c3dfa3058934f1f156c8663fb81f5894f",
    "https://deno.land/x/os_paths@v7.2.0/dist/esm/lib/OSPaths.js": "db4f5f05765a1c862e7b1e0f0c293fc752e94e213eabff19f3c03af9b2164f98",
    "https://deno.land/x/os_paths@v7.2.0/dist/types/mod.d.ts": "91f653334edf361e16ad0a07fc5d61e1a01ebfe9d5ab8bdecef83041e0744012",
    "https://deno.land/x/os_paths@v7.2.0/src/mod.deno.ts": "5e34d7c1a033665276a1a06e3957a52218bf4711a801f38cf92978aacfad5666",
    "https://deno.land/x/os_paths@v7.2.0/src/platform-adapters/_base.ts": "ca9adf679709824e070631921932620ab4dc2a39fff9706f95592d1620e34dc6",
    "https://deno.land/x/os_paths@v7.2.0/src/platform-adapters/deno.deno.ts": "d184d709522bf2703dc12ff335eb6a10d758a3a5dd4d97524d2aef9d3d448c13",
    "https://deno.land/x/xdg@v10.5.1/dist/esm/lib/XDG.js": "4c04a45149d66e4ca29ea914aac137e7b0f0b6a8ef431ffc63fef46bc3747064",
    "https://deno.land/x/xdg@v10.5.1/dist/types/mod.d.ts": "2a11aeafdb7136478dd580ffd30b7c34bf827d4f6ee9f7e833eb257d21cdb360",
    "https://deno.land/x/xdg@v10.5.1/src/mod.deno.ts": "e478cc109794bfc130ec81711f9a20d594e6fad848f796c68b75dbe510683c39",
    "https://deno.land/x/xdg@v10.5.1/src/platform-adapters/_base.ts": "c79a7f0e5b1d77e23cbc6c782a02958573338e9dfa644a7aa5a1f7c402ff56ef",
    "https://deno.land/x/xdg@v10.5.1/src/platform-adapters/deno.deno.ts": "5f5852dc4588c10ad8fd0450421fa728741838cf5839a209d53323ccc9ed4c00",
    "https://deno.land/x/yargs_parser@yargs-parser-v21.1.1-deno/build/lib/string-utils.js": "0d14d7a4b273d34c12379abdd369088ad09555d7c1cf6f2619c06ba0bafbf552",
    "https://deno.land/x/yargs_parser@yargs-parser-v21.1.1-deno/build/lib/tokenize-arg-string.js": "b407a546e2bc210cdfa2685e6802743fadbbb11cdb646e1c489d8f507cf53acc",
    "https://deno.land/x/yargs_parser@yargs-parser-v21.1.1-deno/build/lib/yargs-parser-types.d.ts": "287cc007c3dfd39a9050b1c7e9b64e65cbeee326aea009bc8497550a52fd1950",
    "https://deno.land/x/yargs_parser@yargs-parser-v21.1.1-deno/build/lib/yargs-parser-types.js": "2ad2a7cd5bc7fde9e28f71525599fc8196ac9aec00f84d285f53c484c64300b9",
    "https://deno.land/x/yargs_parser@yargs-parser-v21.1.1-deno/build/lib/yargs-parser.js": "4864e5d4520e72489cd492e70401387ea3db2a2b710831c513dd08700e6d8e22",
    "https://deno.land/x/yargs_parser@yargs-parser-v21.1.1-deno/deno.ts": "ac684e36df011e65b86b476a0ca78d7170793bef7324cd17f830eedb2740235d",
    "https://deno.land/x/yargs_parser@yargs-parser-v21.1.1-deno/lib/yargs-parser-types.ts": "1ba00f7a85c734f2aaf5cc6dc78f56a2ec9f2811fb50c4f0d33e55d9a504d68a",
    "https://esm.sh/simple-git@3.19.0": "af1553705d2f276a76a0c2a58946e6186ed399c5999140af6f8492e4e8ee952f",
    "https://esm.sh/v125/@kwsites/file-exists@1.1.1/denonext/file-exists.mjs": "8f6a043698cf6d13f2c94e6b4e29c6d961eeca87f37d37adfc4fe1073c4d0796",
    "https://esm.sh/v125/@kwsites/promise-deferred@1.1.1/denonext/promise-deferred.mjs": "e6a0e3fd54ec73df7654375c8b509c4bac067244ec383bf6ca3ec558b81456c1",
    "https://esm.sh/v125/@types/node@18.16.9/buffer.d.ts": "2d0dfa2b8af69b8d12a39d8354fcb4f99cefb7432108ceb7479d2b1d37dff971",
    "https://esm.sh/v125/@types/node@18.16.9/child_process.d.ts": "b5ea4bfe215b6aa40802491c783a78230798d84d19121678acbfdfb327302ae4",
    "https://esm.sh/v125/@types/node@18.16.9/crypto.d.ts": "a22f4a782a254564011945db2c9e4acdabded2cd8de13b236e31c520d7dcc88f",
    "https://esm.sh/v125/@types/node@18.16.9/dns.d.ts": "74c2cfa6fb8d0c9f546f1f31110f9e3d55d519f3bf6f643d3283c014cc228b6b",
    "https://esm.sh/v125/@types/node@18.16.9/dns/promises.d.ts": "a931f94c6510c4208ae865e62f0005781da31337966d97172e24c06c0a0507ba",
    "https://esm.sh/v125/@types/node@18.16.9/events.d.ts": "ccae3ee8fd7ba2f7df8509f703437670d4b77a985ba2bfeb386dd56b80f9c01f",
    "https://esm.sh/v125/@types/node@18.16.9/fs.d.ts": "79b2150fe486ee4bd764de5325d7ff941ddc1616bb869b2220aacec8977a3bdc",
    "https://esm.sh/v125/@types/node@18.16.9/fs/promises.d.ts": "9e5a2a84896a4f51da3e167b3f2260ac6c2c3fe37e3caa0caaf7851bdb2c00fd",
    "https://esm.sh/v125/@types/node@18.16.9/http.d.ts": "dcc1eb26482e93ad9a86d986ef42a2cc2996e489abdcfa1d1acd2d134e6234f5",
    "https://esm.sh/v125/@types/node@18.16.9/net.d.ts": "2b86a13902ff133f6d79bc29f94796c8187c8c576657c8cbe8c0625e24c2d72d",
    "https://esm.sh/v125/@types/node@18.16.9/querystring.d.ts": "eb8115aaf5edebff332e96e87a6a23ba0160622ee6ddb6c12ab01f7b16f19abd",
    "https://esm.sh/v125/@types/node@18.16.9/readline.d.ts": "8da5b4a0c361e7a2ea0066d513cd6a26013c9c312449d1fbaa87c5a679da24a4",
    "https://esm.sh/v125/@types/node@18.16.9/readline/promises.d.ts": "4ba813cfb121eb4c013dd1e3ebf381547f4f4fe8ff3e609fa4d0ca2dd17cd58d",
    "https://esm.sh/v125/@types/node@18.16.9/stream.d.ts": "b267e73a177a26da92e6a4c3680f33c9d14981930719d0ffceb18bc9b59c88f0",
    "https://esm.sh/v125/@types/node@18.16.9/stream/consumers.d.ts": "35e883dca629f36f06e3d7d4e880468a4dd8c855ba9f6b7eb7b54fa2228af08e",
    "https://esm.sh/v125/@types/node@18.16.9/stream/promises.d.ts": "55b5c4f897e599f14715b6265157431266a8a1a51017ff072b8568f013f1eb43",
    "https://esm.sh/v125/@types/node@18.16.9/stream/web.d.ts": "87f6caa1ae9aeb4477a9e0e4f71683ad2e682c209fcd9824d576da3c1ed26fb2",
    "https://esm.sh/v125/@types/node@18.16.9/tls.d.ts": "d9aa7b4d0c3ffe842a6b0758d8e97009a21eac927cfc6ccd578b5c934f130663",
    "https://esm.sh/v125/@types/node@18.16.9/url.d.ts": "7890ca81bdfc7e167782ce13c64cf17fec3fb62ffb931bd7fcb44bf78b8cecd4",
    "https://esm.sh/v125/debug@4.3.4/denonext/debug.mjs": "e2c993678815e02eb834c52723ec0a5b069dcfdeae969cefb4099d758c6fa514",
    "https://esm.sh/v125/ms@2.1.2/denonext/ms.mjs": "aa4dc45ba72554c5011168f8910cc646c37af53cfff1a15a4decced838b8eb14",
    "https://esm.sh/v125/node.ns.d.ts": "0fb081f0cd2150931bd54baa04f31466abd9ca701fd9060d07931402cf8367ba",
    "https://esm.sh/v125/simple-git@3.19.0/denonext/simple-git.mjs": "4091c19700654597fa76b1519e43161142536ecccfdd30b30d6bd1d404f059af",
    "https://esm.sh/v125/simple-git@3.19.0/dist/src/lib/args/pathspec.d.ts": "5e95379e81e2d373e5235cedc4579938e39db274a32cfa32f8906e7ff6698763",
    "https://esm.sh/v125/simple-git@3.19.0/dist/src/lib/errors/git-construct-error.d.ts": "e34a5864fe407137627ff31365b61431ae7902e8824486dab2ee405f5594ca96",
    "https://esm.sh/v125/simple-git@3.19.0/dist/src/lib/errors/git-error.d.ts": "57f019e5155b0f5e986eb96088ecc3e3c3e80752c14b0b2a2060cf8dc1b40667",
    "https://esm.sh/v125/simple-git@3.19.0/dist/src/lib/errors/git-plugin-error.d.ts": "1e5518ce16ce8771a36970c929363d00f341a02c9bdaa145225c8b51521575fe",
    "https://esm.sh/v125/simple-git@3.19.0/dist/src/lib/errors/git-response-error.d.ts": "4a553a33343536deaf56b1fdcff8cba16d1687d7b76364f4fd326784e218face",
    "https://esm.sh/v125/simple-git@3.19.0/dist/src/lib/errors/task-configuration-error.d.ts": "e4fcde84b78152feea8e78b19e12aaf9e6382f8e3341a8c8f38a5e99e7875229",
    "https://esm.sh/v125/simple-git@3.19.0/dist/src/lib/responses/GetRemoteSummary.d.ts": "7c774169686976056434799723bd7a48348df9d2204b928a0b77920505585214",
    "https://esm.sh/v125/simple-git@3.19.0/dist/src/lib/tasks/apply-patch.d.ts": "d3eccd88fdf779fa9576e12d57224bb1cc6d8bf5b6a7ac37787817037c17963d",
    "https://esm.sh/v125/simple-git@3.19.0/dist/src/lib/tasks/check-is-repo.d.ts": "db46f50647c3e01c03a2040d0617817ff0d62cf1fd7a0d9628d514e525bf682f",
    "https://esm.sh/v125/simple-git@3.19.0/dist/src/lib/tasks/clean.d.ts": "958b9df846dc9aaef0e5ca3d783b51f88082999fdd7eba4c1883d4ff64b5f955",
    "https://esm.sh/v125/simple-git@3.19.0/dist/src/lib/tasks/clone.d.ts": "8f86e36398a0a17740af226b4790c24c66a9d1fcbcc4068a231135604a162af9",
    "https://esm.sh/v125/simple-git@3.19.0/dist/src/lib/tasks/config.d.ts": "36cdbc8026451645bc725e44fa1fd30ceceb87180a00f62fbc98f16e278759b2",
    "https://esm.sh/v125/simple-git@3.19.0/dist/src/lib/tasks/grep.d.ts": "5a1fa4a31b9b367aa6bf77144c24f9e47e5557fc3df68e43b367d411f3a549cd",
    "https://esm.sh/v125/simple-git@3.19.0/dist/src/lib/tasks/log.d.ts": "2e73867cc2a5ffd42bbb569d5bd67bb098512f7d7f90faa5135586064aeecefd",
    "https://esm.sh/v125/simple-git@3.19.0/dist/src/lib/tasks/reset.d.ts": "6067f4d0209798ae27092a03a5a549f531ee7e5984cadbe92218fb0ca66c243c",
    "https://esm.sh/v125/simple-git@3.19.0/dist/src/lib/tasks/task.d.ts": "cabe7b49d93372085ffef8991500fbec62372cab296433ae2d046a2338fe8573",
    "https://esm.sh/v125/simple-git@3.19.0/dist/src/lib/tasks/version.d.ts": "b75ab4c90c74a54a57f7bb79eb980de21d2ad99dac0ff64c175c98a54d5ba545",
    "https://esm.sh/v125/simple-git@3.19.0/dist/src/lib/types/handlers.d.ts": "f8d67e8bae19c876b2302166984fbe8fb788b7965d116d541482797e899111a3",
    "https://esm.sh/v125/simple-git@3.19.0/dist/src/lib/types/index.d.ts": "322e61c91773fc09f75bdd48c6925fe4ff9c48d4ececa804b5a9ea081d902e2d",
    "https://esm.sh/v125/simple-git@3.19.0/dist/src/lib/types/tasks.d.ts": "1b1082968ad8301559619985929385e87b998f121865d0131438e8dda0253292",
    "https://esm.sh/v125/simple-git@3.19.0/dist/typings/errors.d.ts": "8ed1ec541854b48de62b870550d709843b44fa7da734dd6cc6d09d935efe9376",
    "https://esm.sh/v125/simple-git@3.19.0/dist/typings/index.d.ts": "c7d54e31aaccb36f76e64754e5e09d63f08bf45d82a2129537faad3f51af9f18",
    "https://esm.sh/v125/simple-git@3.19.0/dist/typings/response.d.ts": "c0ca607959b601058b4793c6825f42fb676c090ccbdd0d59adb6094d6c3d284a",
    "https://esm.sh/v125/simple-git@3.19.0/dist/typings/simple-git.d.ts": "aefe603af5d97696b4c54f9e1ac37d9db03ca6d1a6cd4dbc0996aba1119d3d08",
    "https://esm.sh/v125/simple-git@3.19.0/dist/typings/types.d.ts": "1f87a845113dce86c7c66eb9c6281ea14879e90b11f9d2dfd5a32659cc4fe43d"
  },
  "npm": {
    "specifiers": {
      "@types/node": "@types/node@18.11.18"
    },
    "packages": {
      "@types/node@18.11.18": {
        "integrity": "sha512-DHQpWGjyQKSHj3ebjFI/wRKcqQcdR+MoFBygntYOZytCqNfkd2ZC4ARDJ2DQqhjH5p85Nnd3jhUJIXrszFX/JA==",
        "dependencies": {}
      }
    }
  }
}
